
Microsoft Visual Studio Solution File, Format Version 12.00
# Visual Studio Version 17
VisualStudioVersion = 17.7.34221.43
MinimumVisualStudioVersion = 10.0.40219.1
Project("{FAE04EC0-301F-11D3-BF4B-00C04F79EFBC}") = "ConsoleApp Assignment TASK 1-10th(nov)", "ConsoleApp Assignment TASK 1-10th(nov)\ConsoleApp Assignment TASK 1-10th(nov).csproj", "{70D076BB-EAC2-4F4F-866D-A0D4E17FCBA0}"
EndProject
Global
	GlobalSection(SolutionConfigurationPlatforms) = preSolution
		Debug|Any CPU = Debug|Any CPU
		Release|Any CPU = Release|Any CPU
	EndGlobalSection
	GlobalSection(ProjectConfigurationPlatforms) = postSolution
		{70D076BB-EAC2-4F4F-866D-A0D4E17FCBA0}.Debug|Any CPU.ActiveCfg = Debug|Any CPU
		{70D076BB-EAC2-4F4F-866D-A0D4E17FCBA0}.Debug|Any CPU.Build.0 = Debug|Any CPU
		{70D076BB-EAC2-4F4F-866D-A0D4E17FCBA0}.Release|Any CPU.ActiveCfg = Release|Any CPU
		{70D076BB-EAC2-4F4F-866D-A0D4E17FCBA0}.Release|Any CPU.Build.0 = Release|Any CPU
	EndGlobalSection
	GlobalSection(SolutionProperties) = preSolution
		HideSolutionNode = FALSE
	EndGlobalSection
	GlobalSection(ExtensibilityGlobals) = postSolution
		SolutionGuid = {AF0A0E6A-30DD-46AD-AD04-494C7E14C759}
	EndGlobalSection
EndGlobal
